// !$*UTF8*$!
{
	archiveVersion = 1;
	classes = {
	};
	objectVersion = 77;
	objects = {

/* Begin PBXContainerItemProxy section */
		058827BA2D4DF20000D45A22 /* PBXContainerItemProxy */ = {
			isa = PBXContainerItemProxy;
			containerPortal = 058827A12D4DF1FD00D45A22 /* Project object */;
			proxyType = 1;
			remoteGlobalIDString = 058827A82D4DF1FD00D45A22;
			remoteInfo = GetMyRecips;
		};
		058827C42D4DF20000D45A22 /* PBXContainerItemProxy */ = {
			isa = PBXContainerItemProxy;
			containerPortal = 058827A12D4DF1FD00D45A22 /* Project object */;
			proxyType = 1;
			remoteGlobalIDString = 058827A82D4DF1FD00D45A22;
			remoteInfo = GetMyRecips;
		};
/* End PBXContainerItemProxy section */

/* Begin PBXFileReference section */
		058827A92D4DF1FD00D45A22 /* GetMyRecips.app */ = {isa = PBXFileReference; explicitFileType = wrapper.application; includeInIndex = 0; path = GetMyRecips.app; sourceTree = BUILT_PRODUCTS_DIR; };
		058827B92D4DF20000D45A22 /* GetMyRecipsTests.xctest */ = {isa = PBXFileReference; explicitFileType = wrapper.cfbundle; includeInIndex = 0; path = GetMyRecipsTests.xctest; sourceTree = BUILT_PRODUCTS_DIR; };
		058827C32D4DF20000D45A22 /* GetMyRecipsUITests.xctest */ = {isa = PBXFileReference; explicitFileType = wrapper.cfbundle; includeInIndex = 0; path = GetMyRecipsUITests.xctest; sourceTree = BUILT_PRODUCTS_DIR; };
/* End PBXFileReference section */

/* Begin PBXFileSystemSynchronizedRootGroup section */
		058827AB2D4DF1FD00D45A22 /* GetMyRecips */ = {
			isa = PBXFileSystemSynchronizedRootGroup;
			path = GetMyRecips;
			sourceTree = "<group>";
		};
		058827BC2D4DF20000D45A22 /* GetMyRecipsTests */ = {
			isa = PBXFileSystemSynchronizedRootGroup;
			path = GetMyRecipsTests;
			sourceTree = "<group>";
		};
		058827C62D4DF20000D45A22 /* GetMyRecipsUITests */ = {
			isa = PBXFileSystemSynchronizedRootGroup;
			path = GetMyRecipsUITests;
			sourceTree = "<group>";
		};
/* End PBXFileSystemSynchronizedRootGroup section */

/* Begin PBXFrameworksBuildPhase section */
		058827A62D4DF1FD00D45A22 /* Frameworks */ = {
			isa = PBXFrameworksBuildPhase;
			buildActionMask = 2147483647;
			files = (
			);
			runOnlyForDeploymentPostprocessing = 0;
		};
		058827B62D4DF20000D45A22 /* Frameworks */ = {
			isa = PBXFrameworksBuildPhase;
			buildActionMask = 2147483647;
			files = (
			);
			runOnlyForDeploymentPostprocessing = 0;
		};
		058827C02D4DF20000D45A22 /* Frameworks */ = {
			isa = PBXFrameworksBuildPhase;
			buildActionMask = 2147483647;
			files = (
			);
			runOnlyForDeploymentPostprocessing = 0;
		};
/* End PBXFrameworksBuildPhase section */

/* Begin PBXGroup section */
		058827A02D4DF1FD00D45A22 = {
			isa = PBXGroup;
			children = (
				058827AB2D4DF1FD00D45A22 /* GetMyRecips */,
				058827BC2D4DF20000D45A22 /* GetMyRecipsTests */,
				058827C62D4DF20000D45A22 /* GetMyRecipsUITests */,
				058827AA2D4DF1FD00D45A22 /* Products */,
			);
			sourceTree = "<group>";
		};
		058827AA2D4DF1FD00D45A22 /* Products */ = {
			isa = PBXGroup;
			children = (
				058827A92D4DF1FD00D45A22 /* GetMyRecips.app */,
				058827B92D4DF20000D45A22 /* GetMyRecipsTests.xctest */,
				058827C32D4DF20000D45A22 /* GetMyRecipsUITests.xctest */,
			);
			name = Products;
			sourceTree = "<group>";
		};
/* End PBXGroup section */

/* Begin PBXNativeTarget section */
		058827A82D4DF1FD00D45A22 /* GetMyRecips */ = {
			isa = PBXNativeTarget;
			buildConfigurationList = 058827CD2D4DF20000D45A22 /* Build configuration list for PBXNativeTarget "GetMyRecips" */;
			buildPhases = (
				058827A52D4DF1FD00D45A22 /* Sources */,
				058827A62D4DF1FD00D45A22 /* Frameworks */,
				058827A72D4DF1FD00D45A22 /* Resources */,
			);
			buildRules = (
			);
			dependencies = (
			);
			fileSystemSynchronizedGroups = (
				058827AB2D4DF1FD00D45A22 /* GetMyRecips */,
			);
			name = GetMyRecips;
			packageProductDependencies = (
			);
			productName = GetMyRecips;
			productReference = 058827A92D4DF1FD00D45A22 /* GetMyRecips.app */;
			productType = "com.apple.product-type.application";
		};
		058827B82D4DF20000D45A22 /* GetMyRecipsTests */ = {
			isa = PBXNativeTarget;
			buildConfigurationList = 058827D02D4DF20000D45A22 /* Build configuration list for PBXNativeTarget "GetMyRecipsTests" */;
			buildPhases = (
				058827B52D4DF20000D45A22 /* Sources */,
				058827B62D4DF20000D45A22 /* Frameworks */,
				058827B72D4DF20000D45A22 /* Resources */,
			);
			buildRules = (
			);
			dependencies = (
				058827BB2D4DF20000D45A22 /* PBXTargetDependency */,
			);
			fileSystemSynchronizedGroups = (
				058827BC2D4DF20000D45A22 /* GetMyRecipsTests */,
			);
			name = GetMyRecipsTests;
			packageProductDependencies = (
			);
			productName = GetMyRecipsTests;
			productReference = 058827B92D4DF20000D45A22 /* GetMyRecipsTests.xctest */;
			productType = "com.apple.product-type.bundle.unit-test";
		};
		058827C22D4DF20000D45A22 /* GetMyRecipsUITests */ = {
			isa = PBXNativeTarget;
			buildConfigurationList = 058827D32D4DF20000D45A22 /* Build configuration list for PBXNativeTarget "GetMyRecipsUITests" */;
			buildPhases = (
				058827BF2D4DF20000D45A22 /* Sources */,
				058827C02D4DF20000D45A22 /* Frameworks */,
				058827C12D4DF20000D45A22 /* Resources */,
			);
			buildRules = (
			);
			dependencies = (
				058827C52D4DF20000D45A22 /* PBXTargetDependency */,
			);
			fileSystemSynchronizedGroups = (
				058827C62D4DF20000D45A22 /* GetMyRecipsUITests */,
			);
			name = GetMyRecipsUITests;
			packageProductDependencies = (
			);
			productName = GetMyRecipsUITests;
			productReference = 058827C32D4DF20000D45A22 /* GetMyRecipsUITests.xctest */;
			productType = "com.apple.product-type.bundle.ui-testing";
		};
/* End PBXNativeTarget section */

/* Begin PBXProject section */
		058827A12D4DF1FD00D45A22 /* Project object */ = {
			isa = PBXProject;
			attributes = {
				BuildIndependentTargetsInParallel = 1;
				LastSwiftUpdateCheck = 1600;
				LastUpgradeCheck = 1600;
				TargetAttributes = {
					058827A82D4DF1FD00D45A22 = {
						CreatedOnToolsVersion = 16.0;
					};
					058827B82D4DF20000D45A22 = {
						CreatedOnToolsVersion = 16.0;
						TestTargetID = 058827A82D4DF1FD00D45A22;
					};
					058827C22D4DF20000D45A22 = {
						CreatedOnToolsVersion = 16.0;
						TestTargetID = 058827A82D4DF1FD00D45A22;
					};
				};
			};
			buildConfigurationList = 058827A42D4DF1FD00D45A22 /* Build configuration list for PBXProject "GetMyRecips" */;
			developmentRegion = en;
			hasScannedForEncodings = 0;
			knownRegions = (
				en,
				Base,
			);
			mainGroup = 058827A02D4DF1FD00D45A22;
			minimizedProjectReferenceProxies = 1;
			preferredProjectObjectVersion = 77;
			productRefGroup = 058827AA2D4DF1FD00D45A22 /* Products */;
			projectDirPath = "";
			projectRoot = "";
			targets = (
				058827A82D4DF1FD00D45A22 /* GetMyRecips */,
				058827B82D4DF20000D45A22 /* GetMyRecipsTests */,
				058827C22D4DF20000D45A22 /* GetMyRecipsUITests */,
			);
		};
/* End PBXProject section */

/* Begin PBXResourcesBuildPhase section */
		058827A72D4DF1FD00D45A22 /* Resources */ = {
			isa = PBXResourcesBuildPhase;
			buildActionMask = 2147483647;
			files = (
			);
			runOnlyForDeploymentPostprocessing = 0;
		};
		058827B72D4DF20000D45A22 /* Resources */ = {
			isa = PBXResourcesBuildPhase;
			buildActionMask = 2147483647;
			files = (
			);
			runOnlyForDeploymentPostprocessing = 0;
		};
		058827C12D4DF20000D45A22 /* Resources */ = {
			isa = PBXResourcesBuildPhase;
			buildActionMask = 2147483647;
			files = (
			);
			runOnlyForDeploymentPostprocessing = 0;
		};
/* End PBXResourcesBuildPhase section */

/* Begin PBXSourcesBuildPhase section */
		058827A52D4DF1FD00D45A22 /* Sources */ = {
			isa = PBXSourcesBuildPhase;
			buildActionMask = 2147483647;
			files = (
			);
			runOnlyForDeploymentPostprocessing = 0;
		};
		058827B52D4DF20000D45A22 /* Sources */ = {
			isa = PBXSourcesBuildPhase;
			buildActionMask = 2147483647;
			files = (
			);
			runOnlyForDeploymentPostprocessing = 0;
		};
		058827BF2D4DF20000D45A22 /* Sources */ = {
			isa = PBXSourcesBuildPhase;
			buildActionMask = 2147483647;
			files = (
			);
			runOnlyForDeploymentPostprocessing = 0;
		};
/* End PBXSourcesBuildPhase section */

/* Begin PBXTargetDependency section */
		058827BB2D4DF20000D45A22 /* PBXTargetDependency */ = {
			isa = PBXTargetDependency;
			target = 058827A82D4DF1FD00D45A22 /* GetMyRecips */;
			targetProxy = 058827BA2D4DF20000D45A22 /* PBXContainerItemProxy */;
		};
		058827C52D4DF20000D45A22 /* PBXTargetDependency */ = {
			isa = PBXTargetDependency;
			target = 058827A82D4DF1FD00D45A22 /* GetMyRecips */;
			targetProxy = 058827C42D4DF20000D45A22 /* PBXContainerItemProxy */;
		};
/* End PBXTargetDependency section */

/* Begin XCBuildConfiguration section */
		058827CB2D4DF20000D45A22 /* Debug */ = {
			isa = XCBuildConfiguration;
			buildSettings = {
				ALWAYS_SEARCH_USER_PATHS = NO;
				ASSETCATALOG_COMPILER_GENERATE_SWIFT_ASSET_SYMBOL_EXTENSIONS = YES;
				CLANG_ANALYZER_NONNULL = YES;
				CLANG_ANALYZER_NUMBER_OBJECT_CONVERSION = YES_AGGRESSIVE;
				CLANG_CXX_LANGUAGE_STANDARD = "gnu++20";
				CLANG_ENABLE_MODULES = YES;
				CLANG_ENABLE_OBJC_ARC = YES;
				CLANG_ENABLE_OBJC_WEAK = YES;
				CLANG_WARN_BLOCK_CAPTURE_AUTORELEASING = YES;
				CLANG_WARN_BOOL_CONVERSION = YES;
				CLANG_WARN_COMMA = YES;
				CLANG_WARN_CONSTANT_CONVERSION = YES;
				CLANG_WARN_DEPRECATED_OBJC_IMPLEMENTATIONS = YES;
				CLANG_WARN_DIRECT_OBJC_ISA_USAGE = YES_ERROR;
				CLANG_WARN_DOCUMENTATION_COMMENTS = YES;
				CLANG_WARN_EMPTY_BODY = YES;
				CLANG_WARN_ENUM_CONVERSION = YES;
				CLANG_WARN_INFINITE_RECURSION = YES;
				CLANG_WARN_INT_CONVERSION = YES;
				CLANG_WARN_NON_LITERAL_NULL_CONVERSION = YES;
				CLANG_WARN_OBJC_IMPLICIT_RETAIN_SELF = YES;
				CLANG_WARN_OBJC_LITERAL_CONVERSION = YES;
				CLANG_WARN_OBJC_ROOT_CLASS = YES_ERROR;
				CLANG_WARN_QUOTED_INCLUDE_IN_FRAMEWORK_HEADER = YES;
				CLANG_WARN_RANGE_LOOP_ANALYSIS = YES;
				CLANG_WARN_STRICT_PROTOTYPES = YES;
				CLANG_WARN_SUSPICIOUS_MOVE = YES;
				CLANG_WARN_UNGUARDED_AVAILABILITY = YES_AGGRESSIVE;
				CLANG_WARN_UNREACHABLE_CODE = YES;
				CLANG_WARN__DUPLICATE_METHOD_MATCH = YES;
				COPY_PHASE_STRIP = NO;
				DEBUG_INFORMATION_FORMAT = dwarf;
				ENABLE_STRICT_OBJC_MSGSEND = YES;
				ENABLE_TESTABILITY = YES;
				ENABLE_USER_SCRIPT_SANDBOXING = YES;
				GCC_C_LANGUAGE_STANDARD = gnu17;
				GCC_DYNAMIC_NO_PIC = NO;
				GCC_NO_COMMON_BLOCKS = YES;
				GCC_OPTIMIZATION_LEVEL = 0;
				GCC_PREPROCESSOR_DEFINITIONS = (
					"DEBUG=1",
					"$(inherited)",
				);
				GCC_WARN_64_TO_32_BIT_CONVERSION = YES;
				GCC_WARN_ABOUT_RETURN_TYPE = YES_ERROR;
				GCC_WARN_UNDECLARED_SELECTOR = YES;
				GCC_WARN_UNINITIALIZED_AUTOS = YES_AGGRESSIVE;
				GCC_WARN_UNUSED_FUNCTION = YES;
				GCC_WARN_UNUSED_VARIABLE = YES;
				IPHONEOS_DEPLOYMENT_TARGET = 18.0;
				LOCALIZATION_PREFERS_STRING_CATALOGS = YES;
				MTL_ENABLE_DEBUG_INFO = INCLUDE_SOURCE;
				MTL_FAST_MATH = YES;
				ONLY_ACTIVE_ARCH = YES;
				SDKROOT = iphoneos;
				SWIFT_ACTIVE_COMPILATION_CONDITIONS = "DEBUG $(inherited)";
				SWIFT_OPTIMIZATION_LEVEL = "-Onone";
			};
			name = Debug;
		};
		058827CC2D4DF20000D45A22 /* Release */ = {
			isa = XCBuildConfiguration;
			buildSettings = {
				ALWAYS_SEARCH_USER_PATHS = NO;
				ASSETCATALOG_COMPILER_GENERATE_SWIFT_ASSET_SYMBOL_EXTENSIONS = YES;
				CLANG_ANALYZER_NONNULL = YES;
				CLANG_ANALYZER_NUMBER_OBJECT_CONVERSION = YES_AGGRESSIVE;
				CLANG_CXX_LANGUAGE_STANDARD = "gnu++20";
				CLANG_ENABLE_MODULES = YES;
				CLANG_ENABLE_OBJC_ARC = YES;
				CLANG_ENABLE_OBJC_WEAK = YES;
				CLANG_WARN_BLOCK_CAPTURE_AUTORELEASING = YES;
				CLANG_WARN_BOOL_CONVERSION = YES;
				CLANG_WARN_COMMA = YES;
				CLANG_WARN_CONSTANT_CONVERSION = YES;
				CLANG_WARN_DEPRECATED_OBJC_IMPLEMENTATIONS = YES;
				CLANG_WARN_DIRECT_OBJC_ISA_USAGE = YES_ERROR;
				CLANG_WARN_DOCUMENTATION_COMMENTS = YES;
				CLANG_WARN_EMPTY_BODY = YES;
				CLANG_WARN_ENUM_CONVERSION = YES;
				CLANG_WARN_INFINITE_RECURSION = YES;
				CLANG_WARN_INT_CONVERSION = YES;
				CLANG_WARN_NON_LITERAL_NULL_CONVERSION = YES;
				CLANG_WARN_OBJC_IMPLICIT_RETAIN_SELF = YES;
				CLANG_WARN_OBJC_LITERAL_CONVERSION = YES;
				CLANG_WARN_OBJC_ROOT_CLASS = YES_ERROR;
				CLANG_WARN_QUOTED_INCLUDE_IN_FRAMEWORK_HEADER = YES;
				CLANG_WARN_RANGE_LOOP_ANALYSIS = YES;
				CLANG_WARN_STRICT_PROTOTYPES = YES;
				CLANG_WARN_SUSPICIOUS_MOVE = YES;
				CLANG_WARN_UNGUARDED_AVAILABILITY = YES_AGGRESSIVE;
				CLANG_WARN_UNREACHABLE_CODE = YES;
				CLANG_WARN__DUPLICATE_METHOD_MATCH = YES;
				COPY_PHASE_STRIP = NO;
				DEBUG_INFORMATION_FORMAT = "dwarf-with-dsym";
				ENABLE_NS_ASSERTIONS = NO;
				ENABLE_STRICT_OBJC_MSGSEND = YES;
				ENABLE_USER_SCRIPT_SANDBOXING = YES;
				GCC_C_LANGUAGE_STANDARD = gnu17;
				GCC_NO_COMMON_BLOCKS = YES;
				GCC_WARN_64_TO_32_BIT_CONVERSION = YES;
				GCC_WARN_ABOUT_RETURN_TYPE = YES_ERROR;
				GCC_WARN_UNDECLARED_SELECTOR = YES;
				GCC_WARN_UNINITIALIZED_AUTOS = YES_AGGRESSIVE;
				GCC_WARN_UNUSED_FUNCTION = YES;
				GCC_WARN_UNUSED_VARIABLE = YES;
				IPHONEOS_DEPLOYMENT_TARGET = 18.0;
				LOCALIZATION_PREFERS_STRING_CATALOGS = YES;
				MTL_ENABLE_DEBUG_INFO = NO;
				MTL_FAST_MATH = YES;
				SDKROOT = iphoneos;
				SWIFT_COMPILATION_MODE = wholemodule;
				VALIDATE_PRODUCT = YES;
			};
			name = Release;
		};
		058827CE2D4DF20000D45A22 /* Debug */ = {
			isa = XCBuildConfiguration;
			buildSettings = {
				ASSETCATALOG_COMPILER_APPICON_NAME = AppIcon;
				ASSETCATALOG_COMPILER_GLOBAL_ACCENT_COLOR_NAME = AccentColor;
				CODE_SIGN_STYLE = Automatic;
				CURRENT_PROJECT_VERSION = 1;
				DEVELOPMENT_ASSET_PATHS = "\"GetMyRecips/Preview Content\"";
				DEVELOPMENT_TEAM = LXDKF7C328;
				ENABLE_PREVIEWS = YES;
				GENERATE_INFOPLIST_FILE = YES;
				INFOPLIST_KEY_UIApplicationSceneManifest_Generation = YES;
				INFOPLIST_KEY_UIApplicationSupportsIndirectInputEvents = YES;
				INFOPLIST_KEY_UILaunchScreen_Generation = YES;
				INFOPLIST_KEY_UISupportedInterfaceOrientations_iPad = "UIInterfaceOrientationPortrait UIInterfaceOrientationPortraitUpsideDown UIInterfaceOrientationLandscapeLeft UIInterfaceOrientationLandscapeRight";
				INFOPLIST_KEY_UISupportedInterfaceOrientations_iPhone = "UIInterfaceOrientationPortrait UIInterfaceOrientationLandscapeLeft UIInterfaceOrientationLandscapeRight";
				LD_RUNPATH_SEARCH_PATHS = (
					"$(inherited)",
					"@executable_path/Frameworks",
				);
				MARKETING_VERSION = 1.0;
				PRODUCT_BUNDLE_IDENTIFIER = PChakote.GetMyRecips;
				PRODUCT_NAME = "$(TARGET_NAME)";
				SWIFT_EMIT_LOC_STRINGS = YES;
				SWIFT_VERSION = 5.0;
				TARGETED_DEVICE_FAMILY = "1,2";
			};
			name = Debug;
		};
		058827CF2D4DF20000D45A22 /* Release */ = {
			isa = XCBuildConfiguration;
			buildSettings = {
				ASSETCATALOG_COMPILER_APPICON_NAME = AppIcon;
				ASSETCATALOG_COMPILER_GLOBAL_ACCENT_COLOR_NAME = AccentColor;
				CODE_SIGN_STYLE = Automatic;
				CURRENT_PROJECT_VERSION = 1;
				DEVELOPMENT_ASSET_PATHS = "\"GetMyRecips/Preview Content\"";
				DEVELOPMENT_TEAM = LXDKF7C328;
				ENABLE_PREVIEWS = YES;
				GENERATE_INFOPLIST_FILE = YES;
				INFOPLIST_KEY_UIApplicationSceneManifest_Generation = YES;
				INFOPLIST_KEY_UIApplicationSupportsIndirectInputEvents = YES;
				INFOPLIST_KEY_UILaunchScreen_Generation = YES;
				INFOPLIST_KEY_UISupportedInterfaceOrientations_iPad = "UIInterfaceOrientationPortrait UIInterfaceOrientationPortraitUpsideDown UIInterfaceOrientationLandscapeLeft UIInterfaceOrientationLandscapeRight";
				INFOPLIST_KEY_UISupportedInterfaceOrientations_iPhone = "UIInterfaceOrientationPortrait UIInterfaceOrientationLandscapeLeft UIInterfaceOrientationLandscapeRight";
				LD_RUNPATH_SEARCH_PATHS = (
					"$(inherited)",
					"@executable_path/Frameworks",
				);
				MARKETING_VERSION = 1.0;
				PRODUCT_BUNDLE_IDENTIFIER = PChakote.GetMyRecips;
				PRODUCT_NAME = "$(TARGET_NAME)";
				SWIFT_EMIT_LOC_STRINGS = YES;
				SWIFT_VERSION = 5.0;
				TARGETED_DEVICE_FAMILY = "1,2";
			};
			name = Release;
		};
		058827D12D4DF20000D45A22 /* Debug */ = {
			isa = XCBuildConfiguration;
			buildSettings = {
				BUNDLE_LOADER = "$(TEST_HOST)";
				CODE_SIGN_STYLE = Automatic;
				CURRENT_PROJECT_VERSION = 1;
				DEVELOPMENT_TEAM = LXDKF7C328;
				GENERATE_INFOPLIST_FILE = YES;
				IPHONEOS_DEPLOYMENT_TARGET = 18.0;
				MARKETING_VERSION = 1.0;
				PRODUCT_BUNDLE_IDENTIFIER = PChakote.GetMyRecipsTests;
				PRODUCT_NAME = "$(TARGET_NAME)";
				SWIFT_EMIT_LOC_STRINGS = NO;
				SWIFT_VERSION = 5.0;
				TARGETED_DEVICE_FAMILY = "1,2";
				TEST_HOST = "$(BUILT_PRODUCTS_DIR)/GetMyRecips.app/$(BUNDLE_EXECUTABLE_FOLDER_PATH)/GetMyRecips";
			};
			name = Debug;
		};
		058827D22D4DF20000D45A22 /* Release */ = {
			isa = XCBuildConfiguration;
			buildSettings = {
				BUNDLE_LOADER = "$(TEST_HOST)";
				CODE_SIGN_STYLE = Automatic;
				CURRENT_PROJECT_VERSION = 1;
				DEVELOPMENT_TEAM = LXDKF7C328;
				GENERATE_INFOPLIST_FILE = YES;
				IPHONEOS_DEPLOYMENT_TARGET = 18.0;
				MARKETING_VERSION = 1.0;
				PRODUCT_BUNDLE_IDENTIFIER = PChakote.GetMyRecipsTests;
				PRODUCT_NAME = "$(TARGET_NAME)";
				SWIFT_EMIT_LOC_STRINGS = NO;
				SWIFT_VERSION = 5.0;
				TARGETED_DEVICE_FAMILY = "1,2";
				TEST_HOST = "$(BUILT_PRODUCTS_DIR)/GetMyRecips.app/$(BUNDLE_EXECUTABLE_FOLDER_PATH)/GetMyRecips";
			};
			name = Release;
		};
		058827D42D4DF20000D45A22 /* Debug */ = {
			isa = XCBuildConfiguration;
			buildSettings = {
				CODE_SIGN_STYLE = Automatic;
				CURRENT_PROJECT_VERSION = 1;
				DEVELOPMENT_TEAM = LXDKF7C328;
				GENERATE_INFOPLIST_FILE = YES;
				MARKETING_VERSION = 1.0;
				PRODUCT_BUNDLE_IDENTIFIER = PChakote.GetMyRecipsUITests;
				PRODUCT_NAME = "$(TARGET_NAME)";
				SWIFT_EMIT_LOC_STRINGS = NO;
				SWIFT_VERSION = 5.0;
				TARGETED_DEVICE_FAMILY = "1,2";
				TEST_TARGET_NAME = GetMyRecips;
			};
			name = Debug;
		};
		058827D52D4DF20000D45A22 /* Release */ = {
			isa = XCBuildConfiguration;
			buildSettings = {
				CODE_SIGN_STYLE = Automatic;
				CURRENT_PROJECT_VERSION = 1;
				DEVELOPMENT_TEAM = LXDKF7C328;
				GENERATE_INFOPLIST_FILE = YES;
				MARKETING_VERSION = 1.0;
				PRODUCT_BUNDLE_IDENTIFIER = PChakote.GetMyRecipsUITests;
				PRODUCT_NAME = "$(TARGET_NAME)";
				SWIFT_EMIT_LOC_STRINGS = NO;
				SWIFT_VERSION = 5.0;
				TARGETED_DEVICE_FAMILY = "1,2";
				TEST_TARGET_NAME = GetMyRecips;
			};
			name = Release;
		};
/* End XCBuildConfiguration section */

/* Begin XCConfigurationList section */
		058827A42D4DF1FD00D45A22 /* Build configuration list for PBXProject "GetMyRecips" */ = {
			isa = XCConfigurationList;
			buildConfigurations = (
				058827CB2D4DF20000D45A22 /* Debug */,
				058827CC2D4DF20000D45A22 /* Release */,
			);
			defaultConfigurationIsVisible = 0;
			defaultConfigurationName = Release;
		};
		058827CD2D4DF20000D45A22 /* Build configuration list for PBXNativeTarget "GetMyRecips" */ = {
			isa = XCConfigurationList;
			buildConfigurations = (
				058827CE2D4DF20000D45A22 /* Debug */,
				058827CF2D4DF20000D45A22 /* Release */,
			);
			defaultConfigurationIsVisible = 0;
			defaultConfigurationName = Release;
		};
		058827D02D4DF20000D45A22 /* Build configuration list for PBXNativeTarget "GetMyRecipsTests" */ = {
			isa = XCConfigurationList;
			buildConfigurations = (
				058827D12D4DF20000D45A22 /* Debug */,
				058827D22D4DF20000D45A22 /* Release */,
			);
			defaultConfigurationIsVisible = 0;
			defaultConfigurationName = Release;
		};
		058827D32D4DF20000D45A22 /* Build configuration list for PBXNativeTarget "GetMyRecipsUITests" */ = {
			isa = XCConfigurationList;
			buildConfigurations = (
				058827D42D4DF20000D45A22 /* Debug */,
				058827D52D4DF20000D45A22 /* Release */,
			);
			defaultConfigurationIsVisible = 0;
			defaultConfigurationName = Release;
		};
/* End XCConfigurationList section */
	};
	rootObject = 058827A12D4DF1FD00D45A22 /* Project object */;
}
